
Microsoft Visual Studio Solution File, Format Version 12.00
# Visual Studio 2013
VisualStudioVersion = 12.0.40629.0
MinimumVisualStudioVersion = 10.0.40219.1
Project("{FAE04EC0-301F-11D3-BF4B-00C04F79EFBC}") = "machine-test-application", "machine-test-application\machine-test-application.csproj", "{8CD1E9EE-F45A-4F35-B02A-807277A5A932}"
EndProject
Project("{FAE04EC0-301F-11D3-BF4B-00C04F79EFBC}") = "Domain", "Domain\Domain.csproj", "{7EF15BB6-717D-458E-A659-4EE5ABEFB992}"
EndProject
Project("{FAE04EC0-301F-11D3-BF4B-00C04F79EFBC}") = "Infrastructure", "Infrastructure\Infrastructure.csproj", "{C89212FD-0466-4593-97C1-2B78503DFDA5}"
EndProject
Project("{FAE04EC0-301F-11D3-BF4B-00C04F79EFBC}") = "machine-test-application-mvc", "machine-test-application-mvc\machine-test-application-mvc.csproj", "{C96824A2-DEB1-4AC0-8ADB-C62494866C84}"
EndProject
Global
	GlobalSection(SolutionConfigurationPlatforms) = preSolution
		Debug|Any CPU = Debug|Any CPU
		Release|Any CPU = Release|Any CPU
	EndGlobalSection
	GlobalSection(ProjectConfigurationPlatforms) = postSolution
		{8CD1E9EE-F45A-4F35-B02A-807277A5A932}.Debug|Any CPU.ActiveCfg = Debug|Any CPU
		{8CD1E9EE-F45A-4F35-B02A-807277A5A932}.Debug|Any CPU.Build.0 = Debug|Any CPU
		{8CD1E9EE-F45A-4F35-B02A-807277A5A932}.Release|Any CPU.ActiveCfg = Release|Any CPU
		{8CD1E9EE-F45A-4F35-B02A-807277A5A932}.Release|Any CPU.Build.0 = Release|Any CPU
		{7EF15BB6-717D-458E-A659-4EE5ABEFB992}.Debug|Any CPU.ActiveCfg = Debug|Any CPU
		{7EF15BB6-717D-458E-A659-4EE5ABEFB992}.Debug|Any CPU.Build.0 = Debug|Any CPU
		{7EF15BB6-717D-458E-A659-4EE5ABEFB992}.Release|Any CPU.ActiveCfg = Release|Any CPU
		{7EF15BB6-717D-458E-A659-4EE5ABEFB992}.Release|Any CPU.Build.0 = Release|Any CPU
		{C89212FD-0466-4593-97C1-2B78503DFDA5}.Debug|Any CPU.ActiveCfg = Debug|Any CPU
		{C89212FD-0466-4593-97C1-2B78503DFDA5}.Debug|Any CPU.Build.0 = Debug|Any CPU
		{C89212FD-0466-4593-97C1-2B78503DFDA5}.Release|Any CPU.ActiveCfg = Release|Any CPU
		{C89212FD-0466-4593-97C1-2B78503DFDA5}.Release|Any CPU.Build.0 = Release|Any CPU
		{C96824A2-DEB1-4AC0-8ADB-C62494866C84}.Debug|Any CPU.ActiveCfg = Debug|Any CPU
		{C96824A2-DEB1-4AC0-8ADB-C62494866C84}.Debug|Any CPU.Build.0 = Debug|Any CPU
		{C96824A2-DEB1-4AC0-8ADB-C62494866C84}.Release|Any CPU.ActiveCfg = Release|Any CPU
		{C96824A2-DEB1-4AC0-8ADB-C62494866C84}.Release|Any CPU.Build.0 = Release|Any CPU
	EndGlobalSection
	GlobalSection(SolutionProperties) = preSolution
		HideSolutionNode = FALSE
	EndGlobalSection
EndGlobal
